
Microsoft Visual Studio Solution File, Format Version 12.00
# Visual Studio 15
VisualStudioVersion = 15.0.27428.2043
MinimumVisualStudioVersion = 10.0.40219.1
Project("{FAE04EC0-301F-11D3-BF4B-00C04F79EFBC}") = "AlgorithmTarjan", "AlgorithmTarjan\AlgorithmTarjan.csproj", "{651837E6-C0AF-4687-9C2F-F14B71C6CD28}"
EndProject
Global
	GlobalSection(SolutionConfigurationPlatforms) = preSolution
		Debug|Any CPU = Debug|Any CPU
		Release|Any CPU = Release|Any CPU
	EndGlobalSection
	GlobalSection(ProjectConfigurationPlatforms) = postSolution
		{651837E6-C0AF-4687-9C2F-F14B71C6CD28}.Debug|Any CPU.ActiveCfg = Debug|Any CPU
		{651837E6-C0AF-4687-9C2F-F14B71C6CD28}.Debug|Any CPU.Build.0 = Debug|Any CPU
		{651837E6-C0AF-4687-9C2F-F14B71C6CD28}.Release|Any CPU.ActiveCfg = Release|Any CPU
		{651837E6-C0AF-4687-9C2F-F14B71C6CD28}.Release|Any CPU.Build.0 = Release|Any CPU
	EndGlobalSection
	GlobalSection(SolutionProperties) = preSolution
		HideSolutionNode = FALSE
	EndGlobalSection
	GlobalSection(ExtensibilityGlobals) = postSolution
		SolutionGuid = {45B3CAF8-731E-48A2-A1A5-12964F2E58F4}
	EndGlobalSection
EndGlobal
